
Microsoft Visual Studio Solution File, Format Version 12.00
# Visual Studio Version 16
VisualStudioVersion = 16.0.30011.22
MinimumVisualStudioVersion = 10.0.40219.1
Project("{9A19103F-16F7-4668-BE54-9A1E7A4F7556}") = "WebOrgApp", "WebOrgApp\WebOrgApp.csproj", "{2CF09825-EBF8-4256-8FFA-989AD1B3E3C1}"
EndProject
Project("{9A19103F-16F7-4668-BE54-9A1E7A4F7556}") = "EJournal", "EJournal\EJournal.csproj", "{62BE2D81-0A41-45CE-BB63-6DC82FACCE87}"
EndProject
Project("{FAE04EC0-301F-11D3-BF4B-00C04F79EFBC}") = "EJournal.Logic", "EJournal.Logic\EJournal.Logic.csproj", "{EDC83785-91DA-46F5-8EE0-667F39DE9285}"
EndProject
Global
	GlobalSection(SolutionConfigurationPlatforms) = preSolution
		Debug|Any CPU = Debug|Any CPU
		Release|Any CPU = Release|Any CPU
	EndGlobalSection
	GlobalSection(ProjectConfigurationPlatforms) = postSolution
		{2CF09825-EBF8-4256-8FFA-989AD1B3E3C1}.Debug|Any CPU.ActiveCfg = Debug|Any CPU
		{2CF09825-EBF8-4256-8FFA-989AD1B3E3C1}.Debug|Any CPU.Build.0 = Debug|Any CPU
		{2CF09825-EBF8-4256-8FFA-989AD1B3E3C1}.Release|Any CPU.ActiveCfg = Release|Any CPU
		{2CF09825-EBF8-4256-8FFA-989AD1B3E3C1}.Release|Any CPU.Build.0 = Release|Any CPU
		{62BE2D81-0A41-45CE-BB63-6DC82FACCE87}.Debug|Any CPU.ActiveCfg = Debug|Any CPU
		{62BE2D81-0A41-45CE-BB63-6DC82FACCE87}.Debug|Any CPU.Build.0 = Debug|Any CPU
		{62BE2D81-0A41-45CE-BB63-6DC82FACCE87}.Release|Any CPU.ActiveCfg = Release|Any CPU
		{62BE2D81-0A41-45CE-BB63-6DC82FACCE87}.Release|Any CPU.Build.0 = Release|Any CPU
		{EDC83785-91DA-46F5-8EE0-667F39DE9285}.Debug|Any CPU.ActiveCfg = Debug|Any CPU
		{EDC83785-91DA-46F5-8EE0-667F39DE9285}.Debug|Any CPU.Build.0 = Debug|Any CPU
		{EDC83785-91DA-46F5-8EE0-667F39DE9285}.Release|Any CPU.ActiveCfg = Release|Any CPU
		{EDC83785-91DA-46F5-8EE0-667F39DE9285}.Release|Any CPU.Build.0 = Release|Any CPU
	EndGlobalSection
	GlobalSection(SolutionProperties) = preSolution
		HideSolutionNode = FALSE
	EndGlobalSection
	GlobalSection(ExtensibilityGlobals) = postSolution
		SolutionGuid = {96A5B2E6-4CFD-4F35-8A92-16BA96A286CA}
	EndGlobalSection
EndGlobal
